
Microsoft Visual Studio Solution File, Format Version 12.00
# Visual Studio Version 16
VisualStudioVersion = 16.0.28803.452
MinimumVisualStudioVersion = 10.0.40219.1
Project("{FAE04EC0-301F-11D3-BF4B-00C04F79EFBC}") = "FolderSorterV2", "FolderSorterV2\FolderSorterV2.csproj", "{C40EDB2E-550F-494F-8345-18C870851134}"
EndProject
Global
	GlobalSection(SolutionConfigurationPlatforms) = preSolution
		Debug|Any CPU = Debug|Any CPU
		Release|Any CPU = Release|Any CPU
	EndGlobalSection
	GlobalSection(ProjectConfigurationPlatforms) = postSolution
		{C40EDB2E-550F-494F-8345-18C870851134}.Debug|Any CPU.ActiveCfg = Debug|Any CPU
		{C40EDB2E-550F-494F-8345-18C870851134}.Debug|Any CPU.Build.0 = Debug|Any CPU
		{C40EDB2E-550F-494F-8345-18C870851134}.Release|Any CPU.ActiveCfg = Release|Any CPU
		{C40EDB2E-550F-494F-8345-18C870851134}.Release|Any CPU.Build.0 = Release|Any CPU
	EndGlobalSection
	GlobalSection(SolutionProperties) = preSolution
		HideSolutionNode = FALSE
	EndGlobalSection
	GlobalSection(ExtensibilityGlobals) = postSolution
		SolutionGuid = {1ADACAB8-39A5-4709-BCCE-61054707A0CE}
	EndGlobalSection
EndGlobal
